
Microsoft Visual Studio Solution File, Format Version 12.00
# Visual Studio Version 17
VisualStudioVersion = 17.14.36310.24 d17.14
MinimumVisualStudioVersion = 10.0.40219.1
Project("{FAE04EC0-301F-11D3-BF4B-00C04F79EFBC}") = "FileUpload", "FileUpload\FileUpload.csproj", "{4A2D43F9-D157-4B77-813D-0217583CFF51}"
EndProject
Global
	GlobalSection(SolutionConfigurationPlatforms) = preSolution
		Debug|Any CPU = Debug|Any CPU
		Release|Any CPU = Release|Any CPU
	EndGlobalSection
	GlobalSection(ProjectConfigurationPlatforms) = postSolution
		{4A2D43F9-D157-4B77-813D-0217583CFF51}.Debug|Any CPU.ActiveCfg = Debug|Any CPU
		{4A2D43F9-D157-4B77-813D-0217583CFF51}.Debug|Any CPU.Build.0 = Debug|Any CPU
		{4A2D43F9-D157-4B77-813D-0217583CFF51}.Release|Any CPU.ActiveCfg = Release|Any CPU
		{4A2D43F9-D157-4B77-813D-0217583CFF51}.Release|Any CPU.Build.0 = Release|Any CPU
	EndGlobalSection
	GlobalSection(SolutionProperties) = preSolution
		HideSolutionNode = FALSE
	EndGlobalSection
	GlobalSection(ExtensibilityGlobals) = postSolution
		SolutionGuid = {05F7584F-FD00-4468-92E4-E02C1B0B920F}
	EndGlobalSection
EndGlobal
